# This file is generated by running "yarn install" inside your project.
# Manual changes might be lost - proceed with caution!

__metadata:
  version: 9
  cacheKey: 10c0

"Who-s-that-Pok-mon@workspace:.":
  version: 0.0.0-use.local
  resolution: "Who-s-that-Pok-mon@workspace:."
  languageName: unknown
  linkType: soft
